
Microsoft Visual Studio Solution File, Format Version 12.00
# Visual Studio Version 17
VisualStudioVersion = 17.0.31903.59
MinimumVisualStudioVersion = 10.0.40219.1
Project("{FAE04EC0-301F-11D3-BF4B-00C04F79EFBC}") = "sample", "sample\sample.csproj", "{27CC5623-D5E8-490D-8BDF-30E90F74A768}"
EndProject
Project("{2150E333-8FDC-42A3-9474-1A3956D46DE8}") = "src", "src", "{E09305ED-A017-4828-B164-BD249D9C3B60}"
EndProject
Project("{FAE04EC0-301F-11D3-BF4B-00C04F79EFBC}") = "AspireDashboard.Extensions", "src\AspireDashboard.Extensions\AspireDashboard.Extensions.csproj", "{F2A94C5F-6AEE-4F30-81A8-2BC61F41C969}"
EndProject
Global
	GlobalSection(SolutionConfigurationPlatforms) = preSolution
		Debug|Any CPU = Debug|Any CPU
		Release|Any CPU = Release|Any CPU
	EndGlobalSection
	GlobalSection(SolutionProperties) = preSolution
		HideSolutionNode = FALSE
	EndGlobalSection
	GlobalSection(ProjectConfigurationPlatforms) = postSolution
		{27CC5623-D5E8-490D-8BDF-30E90F74A768}.Debug|Any CPU.ActiveCfg = Debug|Any CPU
		{27CC5623-D5E8-490D-8BDF-30E90F74A768}.Debug|Any CPU.Build.0 = Debug|Any CPU
		{27CC5623-D5E8-490D-8BDF-30E90F74A768}.Release|Any CPU.ActiveCfg = Release|Any CPU
		{27CC5623-D5E8-490D-8BDF-30E90F74A768}.Release|Any CPU.Build.0 = Release|Any CPU
		{F2A94C5F-6AEE-4F30-81A8-2BC61F41C969}.Debug|Any CPU.ActiveCfg = Debug|Any CPU
		{F2A94C5F-6AEE-4F30-81A8-2BC61F41C969}.Debug|Any CPU.Build.0 = Debug|Any CPU
		{F2A94C5F-6AEE-4F30-81A8-2BC61F41C969}.Release|Any CPU.ActiveCfg = Release|Any CPU
		{F2A94C5F-6AEE-4F30-81A8-2BC61F41C969}.Release|Any CPU.Build.0 = Release|Any CPU
	EndGlobalSection
	GlobalSection(NestedProjects) = preSolution
		{F2A94C5F-6AEE-4F30-81A8-2BC61F41C969} = {E09305ED-A017-4828-B164-BD249D9C3B60}
	EndGlobalSection
EndGlobal
